
Microsoft Visual Studio Solution File, Format Version 12.00
# Visual Studio Version 17
VisualStudioVersion = 17.6.33801.468
MinimumVisualStudioVersion = 10.0.40219.1
Project("{FAE04EC0-301F-11D3-BF4B-00C04F79EFBC}") = "Kitaplik_Proje", "Kitaplik_Proje.csproj", "{B2E3FDAA-DC71-4119-954D-709ADD1090F3}"
EndProject
Global
	GlobalSection(SolutionConfigurationPlatforms) = preSolution
		Debug|Any CPU = Debug|Any CPU
		Release|Any CPU = Release|Any CPU
	EndGlobalSection
	GlobalSection(ProjectConfigurationPlatforms) = postSolution
		{B2E3FDAA-DC71-4119-954D-709ADD1090F3}.Debug|Any CPU.ActiveCfg = Debug|Any CPU
		{B2E3FDAA-DC71-4119-954D-709ADD1090F3}.Debug|Any CPU.Build.0 = Debug|Any CPU
		{B2E3FDAA-DC71-4119-954D-709ADD1090F3}.Release|Any CPU.ActiveCfg = Release|Any CPU
		{B2E3FDAA-DC71-4119-954D-709ADD1090F3}.Release|Any CPU.Build.0 = Release|Any CPU
	EndGlobalSection
	GlobalSection(SolutionProperties) = preSolution
		HideSolutionNode = FALSE
	EndGlobalSection
	GlobalSection(ExtensibilityGlobals) = postSolution
		SolutionGuid = {30F86918-93CE-40FD-B722-DB6AAA229DDF}
	EndGlobalSection
EndGlobal
